// !$*UTF8*$!
{
	archiveVersion = 1;
	classes = {
	};
	objectVersion = 55;
	objects = {

/* Begin PBXBuildFile section */
		B21A3BD728315AF800A1D92D /* PaintView.xib in Resources */ = {isa = PBXBuildFile; fileRef = B21A3BD628315AF800A1D92D /* PaintView.xib */; };
		B21A3BD928315B1800A1D92D /* PaintView.swift in Sources */ = {isa = PBXBuildFile; fileRef = B21A3BD828315B1800A1D92D /* PaintView.swift */; };
		B21A3BDB28315EA300A1D92D /* DrawingTools.swift in Sources */ = {isa = PBXBuildFile; fileRef = B21A3BDA28315EA300A1D92D /* DrawingTools.swift */; };
		B21A3BDD28315FB500A1D92D /* Colors.swift in Sources */ = {isa = PBXBuildFile; fileRef = B21A3BDC28315FB500A1D92D /* Colors.swift */; };
		B21A3BDF2831662100A1D92D /* Shapes.swift in Sources */ = {isa = PBXBuildFile; fileRef = B21A3BDE2831662100A1D92D /* Shapes.swift */; };
		B21A3BE12831674F00A1D92D /* SwitchModes.swift in Sources */ = {isa = PBXBuildFile; fileRef = B21A3BE02831674F00A1D92D /* SwitchModes.swift */; };
		B21A3BEC28324FA800A1D92D /* MainViewController.swift in Sources */ = {isa = PBXBuildFile; fileRef = B21A3BEB28324FA800A1D92D /* MainViewController.swift */; };
		B21A3BF328325FF900A1D92D /* PaintViewController.swift in Sources */ = {isa = PBXBuildFile; fileRef = B21A3BF228325FF900A1D92D /* PaintViewController.swift */; };
		B21A3BF52832600700A1D92D /* ToolsViewController.swift in Sources */ = {isa = PBXBuildFile; fileRef = B21A3BF42832600700A1D92D /* ToolsViewController.swift */; };
		B25BD8D52831576C0087F8A8 /* AppDelegate.swift in Sources */ = {isa = PBXBuildFile; fileRef = B25BD8D42831576C0087F8A8 /* AppDelegate.swift */; };
		B25BD8D72831576C0087F8A8 /* SceneDelegate.swift in Sources */ = {isa = PBXBuildFile; fileRef = B25BD8D62831576C0087F8A8 /* SceneDelegate.swift */; };
		B25BD8D92831576C0087F8A8 /* ViewController.swift in Sources */ = {isa = PBXBuildFile; fileRef = B25BD8D82831576C0087F8A8 /* ViewController.swift */; };
		B25BD8DC2831576C0087F8A8 /* Main.storyboard in Resources */ = {isa = PBXBuildFile; fileRef = B25BD8DA2831576C0087F8A8 /* Main.storyboard */; };
		B25BD8DE2831576E0087F8A8 /* Assets.xcassets in Resources */ = {isa = PBXBuildFile; fileRef = B25BD8DD2831576E0087F8A8 /* Assets.xcassets */; };
		B25BD8E12831576E0087F8A8 /* LaunchScreen.storyboard in Resources */ = {isa = PBXBuildFile; fileRef = B25BD8DF2831576E0087F8A8 /* LaunchScreen.storyboard */; };
/* End PBXBuildFile section */

/* Begin PBXFileReference section */
		B21A3BD628315AF800A1D92D /* PaintView.xib */ = {isa = PBXFileReference; lastKnownFileType = file.xib; path = PaintView.xib; sourceTree = "<group>"; };
		B21A3BD828315B1800A1D92D /* PaintView.swift */ = {isa = PBXFileReference; lastKnownFileType = sourcecode.swift; path = PaintView.swift; sourceTree = "<group>"; };
		B21A3BDA28315EA300A1D92D /* DrawingTools.swift */ = {isa = PBXFileReference; lastKnownFileType = sourcecode.swift; path = DrawingTools.swift; sourceTree = "<group>"; };
		B21A3BDC28315FB500A1D92D /* Colors.swift */ = {isa = PBXFileReference; lastKnownFileType = sourcecode.swift; path = Colors.swift; sourceTree = "<group>"; };
		B21A3BDE2831662100A1D92D /* Shapes.swift */ = {isa = PBXFileReference; lastKnownFileType = sourcecode.swift; path = Shapes.swift; sourceTree = "<group>"; };
		B21A3BE02831674F00A1D92D /* SwitchModes.swift */ = {isa = PBXFileReference; lastKnownFileType = sourcecode.swift; path = SwitchModes.swift; sourceTree = "<group>"; };
		B21A3BEB28324FA800A1D92D /* MainViewController.swift */ = {isa = PBXFileReference; lastKnownFileType = sourcecode.swift; path = MainViewController.swift; sourceTree = "<group>"; };
		B21A3BF228325FF900A1D92D /* PaintViewController.swift */ = {isa = PBXFileReference; lastKnownFileType = sourcecode.swift; path = PaintViewController.swift; sourceTree = "<group>"; };
		B21A3BF42832600700A1D92D /* ToolsViewController.swift */ = {isa = PBXFileReference; lastKnownFileType = sourcecode.swift; path = ToolsViewController.swift; sourceTree = "<group>"; };
		B25BD8D12831576C0087F8A8 /* homework-13.app */ = {isa = PBXFileReference; explicitFileType = wrapper.application; includeInIndex = 0; path = "homework-13.app"; sourceTree = BUILT_PRODUCTS_DIR; };
		B25BD8D42831576C0087F8A8 /* AppDelegate.swift */ = {isa = PBXFileReference; lastKnownFileType = sourcecode.swift; path = AppDelegate.swift; sourceTree = "<group>"; };
		B25BD8D62831576C0087F8A8 /* SceneDelegate.swift */ = {isa = PBXFileReference; lastKnownFileType = sourcecode.swift; path = SceneDelegate.swift; sourceTree = "<group>"; };
		B25BD8D82831576C0087F8A8 /* ViewController.swift */ = {isa = PBXFileReference; lastKnownFileType = sourcecode.swift; path = ViewController.swift; sourceTree = "<group>"; };
		B25BD8DB2831576C0087F8A8 /* Base */ = {isa = PBXFileReference; lastKnownFileType = file.storyboard; name = Base; path = Base.lproj/Main.storyboard; sourceTree = "<group>"; };
		B25BD8DD2831576E0087F8A8 /* Assets.xcassets */ = {isa = PBXFileReference; lastKnownFileType = folder.assetcatalog; path = Assets.xcassets; sourceTree = "<group>"; };
		B25BD8E02831576E0087F8A8 /* Base */ = {isa = PBXFileReference; lastKnownFileType = file.storyboard; name = Base; path = Base.lproj/LaunchScreen.storyboard; sourceTree = "<group>"; };
		B25BD8E22831576E0087F8A8 /* Info.plist */ = {isa = PBXFileReference; lastKnownFileType = text.plist.xml; path = Info.plist; sourceTree = "<group>"; };
/* End PBXFileReference section */

/* Begin PBXFrameworksBuildPhase section */
		B25BD8CE2831576C0087F8A8 /* Frameworks */ = {
			isa = PBXFrameworksBuildPhase;
			buildActionMask = 2147483647;
			files = (
			);
			runOnlyForDeploymentPostprocessing = 0;
		};
/* End PBXFrameworksBuildPhase section */

/* Begin PBXGroup section */
		B21A3BD528315ADC00A1D92D /* Paint View */ = {
			isa = PBXGroup;
			children = (
				B21A3BD628315AF800A1D92D /* PaintView.xib */,
				B21A3BD828315B1800A1D92D /* PaintView.swift */,
				B21A3BE228316C8100A1D92D /* Structures and Enums */,
			);
			path = "Paint View";
			sourceTree = "<group>";
		};
		B21A3BE228316C8100A1D92D /* Structures and Enums */ = {
			isa = PBXGroup;
			children = (
				B21A3BDA28315EA300A1D92D /* DrawingTools.swift */,
				B21A3BDC28315FB500A1D92D /* Colors.swift */,
				B21A3BE02831674F00A1D92D /* SwitchModes.swift */,
				B21A3BDE2831662100A1D92D /* Shapes.swift */,
			);
			path = "Structures and Enums";
			sourceTree = "<group>";
		};
		B25BD8C82831576C0087F8A8 = {
			isa = PBXGroup;
			children = (
				B25BD8D32831576C0087F8A8 /* homework-13 */,
				B25BD8D82831576C0087F8A8 /* ViewController.swift */,
				B25BD8D22831576C0087F8A8 /* Products */,
			);
			sourceTree = "<group>";
		};
		B25BD8D22831576C0087F8A8 /* Products */ = {
			isa = PBXGroup;
			children = (
				B25BD8D12831576C0087F8A8 /* homework-13.app */,
			);
			name = Products;
			sourceTree = "<group>";
		};
		B25BD8D32831576C0087F8A8 /* homework-13 */ = {
			isa = PBXGroup;
			children = (
				B21A3BD528315ADC00A1D92D /* Paint View */,
				B25BD8EA283157890087F8A8 /* Storyboards */,
				B25BD8E92831577F0087F8A8 /* Controllers */,
				B25BD8E8283157760087F8A8 /* Delegates */,
				B25BD8EB283157910087F8A8 /* Supporting Files */,
			);
			path = "homework-13";
			sourceTree = "<group>";
		};
		B25BD8E8283157760087F8A8 /* Delegates */ = {
			isa = PBXGroup;
			children = (
				B25BD8D42831576C0087F8A8 /* AppDelegate.swift */,
				B25BD8D62831576C0087F8A8 /* SceneDelegate.swift */,
			);
			path = Delegates;
			sourceTree = "<group>";
		};
		B25BD8E92831577F0087F8A8 /* Controllers */ = {
			isa = PBXGroup;
			children = (
				B21A3BEB28324FA800A1D92D /* MainViewController.swift */,
				B21A3BF228325FF900A1D92D /* PaintViewController.swift */,
				B21A3BF42832600700A1D92D /* ToolsViewController.swift */,
			);
			path = Controllers;
			sourceTree = "<group>";
		};
		B25BD8EA283157890087F8A8 /* Storyboards */ = {
			isa = PBXGroup;
			children = (
				B25BD8DA2831576C0087F8A8 /* Main.storyboard */,
				B25BD8DF2831576E0087F8A8 /* LaunchScreen.storyboard */,
			);
			path = Storyboards;
			sourceTree = "<group>";
		};
		B25BD8EB283157910087F8A8 /* Supporting Files */ = {
			isa = PBXGroup;
			children = (
				B25BD8DD2831576E0087F8A8 /* Assets.xcassets */,
				B25BD8E22831576E0087F8A8 /* Info.plist */,
			);
			path = "Supporting Files";
			sourceTree = "<group>";
		};
/* End PBXGroup section */

/* Begin PBXNativeTarget section */
		B25BD8D02831576C0087F8A8 /* homework-13 */ = {
			isa = PBXNativeTarget;
			buildConfigurationList = B25BD8E52831576E0087F8A8 /* Build configuration list for PBXNativeTarget "homework-13" */;
			buildPhases = (
				B25BD8CD2831576C0087F8A8 /* Sources */,
				B25BD8CE2831576C0087F8A8 /* Frameworks */,
				B25BD8CF2831576C0087F8A8 /* Resources */,
			);
			buildRules = (
			);
			dependencies = (
			);
			name = "homework-13";
			productName = "homework-13";
			productReference = B25BD8D12831576C0087F8A8 /* homework-13.app */;
			productType = "com.apple.product-type.application";
		};
/* End PBXNativeTarget section */

/* Begin PBXProject section */
		B25BD8C92831576C0087F8A8 /* Project object */ = {
			isa = PBXProject;
			attributes = {
				BuildIndependentTargetsInParallel = 1;
				LastSwiftUpdateCheck = 1330;
				LastUpgradeCheck = 1330;
				TargetAttributes = {
					B25BD8D02831576C0087F8A8 = {
						CreatedOnToolsVersion = 13.3.1;
					};
				};
			};
			buildConfigurationList = B25BD8CC2831576C0087F8A8 /* Build configuration list for PBXProject "homework-13" */;
			compatibilityVersion = "Xcode 13.0";
			developmentRegion = en;
			hasScannedForEncodings = 0;
			knownRegions = (
				en,
				Base,
			);
			mainGroup = B25BD8C82831576C0087F8A8;
			productRefGroup = B25BD8D22831576C0087F8A8 /* Products */;
			projectDirPath = "";
			projectRoot = "";
			targets = (
				B25BD8D02831576C0087F8A8 /* homework-13 */,
			);
		};
/* End PBXProject section */

/* Begin PBXResourcesBuildPhase section */
		B25BD8CF2831576C0087F8A8 /* Resources */ = {
			isa = PBXResourcesBuildPhase;
			buildActionMask = 2147483647;
			files = (
				B25BD8E12831576E0087F8A8 /* LaunchScreen.storyboard in Resources */,
				B21A3BD728315AF800A1D92D /* PaintView.xib in Resources */,
				B25BD8DE2831576E0087F8A8 /* Assets.xcassets in Resources */,
				B25BD8DC2831576C0087F8A8 /* Main.storyboard in Resources */,
			);
			runOnlyForDeploymentPostprocessing = 0;
		};
/* End PBXResourcesBuildPhase section */

/* Begin PBXSourcesBuildPhase section */
		B25BD8CD2831576C0087F8A8 /* Sources */ = {
			isa = PBXSourcesBuildPhase;
			buildActionMask = 2147483647;
			files = (
				B21A3BDF2831662100A1D92D /* Shapes.swift in Sources */,
				B25BD8D92831576C0087F8A8 /* ViewController.swift in Sources */,
				B21A3BDD28315FB500A1D92D /* Colors.swift in Sources */,
				B21A3BDB28315EA300A1D92D /* DrawingTools.swift in Sources */,
				B21A3BD928315B1800A1D92D /* PaintView.swift in Sources */,
				B25BD8D52831576C0087F8A8 /* AppDelegate.swift in Sources */,
				B21A3BF52832600700A1D92D /* ToolsViewController.swift in Sources */,
				B21A3BEC28324FA800A1D92D /* MainViewController.swift in Sources */,
				B21A3BE12831674F00A1D92D /* SwitchModes.swift in Sources */,
				B25BD8D72831576C0087F8A8 /* SceneDelegate.swift in Sources */,
				B21A3BF328325FF900A1D92D /* PaintViewController.swift in Sources */,
			);
			runOnlyForDeploymentPostprocessing = 0;
		};
/* End PBXSourcesBuildPhase section */

/* Begin PBXVariantGroup section */
		B25BD8DA2831576C0087F8A8 /* Main.storyboard */ = {
			isa = PBXVariantGroup;
			children = (
				B25BD8DB2831576C0087F8A8 /* Base */,
			);
			name = Main.storyboard;
			sourceTree = "<group>";
		};
		B25BD8DF2831576E0087F8A8 /* LaunchScreen.storyboard */ = {
			isa = PBXVariantGroup;
			children = (
				B25BD8E02831576E0087F8A8 /* Base */,
			);
			name = LaunchScreen.storyboard;
			sourceTree = "<group>";
		};
/* End PBXVariantGroup section */

/* Begin XCBuildConfiguration section */
		B25BD8E32831576E0087F8A8 /* Debug */ = {
			isa = XCBuildConfiguration;
			buildSettings = {
				ALWAYS_SEARCH_USER_PATHS = NO;
				CLANG_ANALYZER_NONNULL = YES;
				CLANG_ANALYZER_NUMBER_OBJECT_CONVERSION = YES_AGGRESSIVE;
				CLANG_CXX_LANGUAGE_STANDARD = "gnu++17";
				CLANG_ENABLE_MODULES = YES;
				CLANG_ENABLE_OBJC_ARC = YES;
				CLANG_ENABLE_OBJC_WEAK = YES;
				CLANG_WARN_BLOCK_CAPTURE_AUTORELEASING = YES;
				CLANG_WARN_BOOL_CONVERSION = YES;
				CLANG_WARN_COMMA = YES;
				CLANG_WARN_CONSTANT_CONVERSION = YES;
				CLANG_WARN_DEPRECATED_OBJC_IMPLEMENTATIONS = YES;
				CLANG_WARN_DIRECT_OBJC_ISA_USAGE = YES_ERROR;
				CLANG_WARN_DOCUMENTATION_COMMENTS = YES;
				CLANG_WARN_EMPTY_BODY = YES;
				CLANG_WARN_ENUM_CONVERSION = YES;
				CLANG_WARN_INFINITE_RECURSION = YES;
				CLANG_WARN_INT_CONVERSION = YES;
				CLANG_WARN_NON_LITERAL_NULL_CONVERSION = YES;
				CLANG_WARN_OBJC_IMPLICIT_RETAIN_SELF = YES;
				CLANG_WARN_OBJC_LITERAL_CONVERSION = YES;
				CLANG_WARN_OBJC_ROOT_CLASS = YES_ERROR;
				CLANG_WARN_QUOTED_INCLUDE_IN_FRAMEWORK_HEADER = YES;
				CLANG_WARN_RANGE_LOOP_ANALYSIS = YES;
				CLANG_WARN_STRICT_PROTOTYPES = YES;
				CLANG_WARN_SUSPICIOUS_MOVE = YES;
				CLANG_WARN_UNGUARDED_AVAILABILITY = YES_AGGRESSIVE;
				CLANG_WARN_UNREACHABLE_CODE = YES;
				CLANG_WARN__DUPLICATE_METHOD_MATCH = YES;
				COPY_PHASE_STRIP = NO;
				DEBUG_INFORMATION_FORMAT = dwarf;
				ENABLE_STRICT_OBJC_MSGSEND = YES;
				ENABLE_TESTABILITY = YES;
				GCC_C_LANGUAGE_STANDARD = gnu11;
				GCC_DYNAMIC_NO_PIC = NO;
				GCC_NO_COMMON_BLOCKS = YES;
				GCC_OPTIMIZATION_LEVEL = 0;
				GCC_PREPROCESSOR_DEFINITIONS = (
					"DEBUG=1",
					"$(inherited)",
				);
				GCC_WARN_64_TO_32_BIT_CONVERSION = YES;
				GCC_WARN_ABOUT_RETURN_TYPE = YES_ERROR;
				GCC_WARN_UNDECLARED_SELECTOR = YES;
				GCC_WARN_UNINITIALIZED_AUTOS = YES_AGGRESSIVE;
				GCC_WARN_UNUSED_FUNCTION = YES;
				GCC_WARN_UNUSED_VARIABLE = YES;
				IPHONEOS_DEPLOYMENT_TARGET = 15.4;
				MTL_ENABLE_DEBUG_INFO = INCLUDE_SOURCE;
				MTL_FAST_MATH = YES;
				ONLY_ACTIVE_ARCH = YES;
				SDKROOT = iphoneos;
				SWIFT_ACTIVE_COMPILATION_CONDITIONS = DEBUG;
				SWIFT_OPTIMIZATION_LEVEL = "-Onone";
			};
			name = Debug;
		};
		B25BD8E42831576E0087F8A8 /* Release */ = {
			isa = XCBuildConfiguration;
			buildSettings = {
				ALWAYS_SEARCH_USER_PATHS = NO;
				CLANG_ANALYZER_NONNULL = YES;
				CLANG_ANALYZER_NUMBER_OBJECT_CONVERSION = YES_AGGRESSIVE;
				CLANG_CXX_LANGUAGE_STANDARD = "gnu++17";
				CLANG_ENABLE_MODULES = YES;
				CLANG_ENABLE_OBJC_ARC = YES;
				CLANG_ENABLE_OBJC_WEAK = YES;
				CLANG_WARN_BLOCK_CAPTURE_AUTORELEASING = YES;
				CLANG_WARN_BOOL_CONVERSION = YES;
				CLANG_WARN_COMMA = YES;
				CLANG_WARN_CONSTANT_CONVERSION = YES;
				CLANG_WARN_DEPRECATED_OBJC_IMPLEMENTATIONS = YES;
				CLANG_WARN_DIRECT_OBJC_ISA_USAGE = YES_ERROR;
				CLANG_WARN_DOCUMENTATION_COMMENTS = YES;
				CLANG_WARN_EMPTY_BODY = YES;
				CLANG_WARN_ENUM_CONVERSION = YES;
				CLANG_WARN_INFINITE_RECURSION = YES;
				CLANG_WARN_INT_CONVERSION = YES;
				CLANG_WARN_NON_LITERAL_NULL_CONVERSION = YES;
				CLANG_WARN_OBJC_IMPLICIT_RETAIN_SELF = YES;
				CLANG_WARN_OBJC_LITERAL_CONVERSION = YES;
				CLANG_WARN_OBJC_ROOT_CLASS = YES_ERROR;
				CLANG_WARN_QUOTED_INCLUDE_IN_FRAMEWORK_HEADER = YES;
				CLANG_WARN_RANGE_LOOP_ANALYSIS = YES;
				CLANG_WARN_STRICT_PROTOTYPES = YES;
				CLANG_WARN_SUSPICIOUS_MOVE = YES;
				CLANG_WARN_UNGUARDED_AVAILABILITY = YES_AGGRESSIVE;
				CLANG_WARN_UNREACHABLE_CODE = YES;
				CLANG_WARN__DUPLICATE_METHOD_MATCH = YES;
				COPY_PHASE_STRIP = NO;
				DEBUG_INFORMATION_FORMAT = "dwarf-with-dsym";
				ENABLE_NS_ASSERTIONS = NO;
				ENABLE_STRICT_OBJC_MSGSEND = YES;
				GCC_C_LANGUAGE_STANDARD = gnu11;
				GCC_NO_COMMON_BLOCKS = YES;
				GCC_WARN_64_TO_32_BIT_CONVERSION = YES;
				GCC_WARN_ABOUT_RETURN_TYPE = YES_ERROR;
				GCC_WARN_UNDECLARED_SELECTOR = YES;
				GCC_WARN_UNINITIALIZED_AUTOS = YES_AGGRESSIVE;
				GCC_WARN_UNUSED_FUNCTION = YES;
				GCC_WARN_UNUSED_VARIABLE = YES;
				IPHONEOS_DEPLOYMENT_TARGET = 15.4;
				MTL_ENABLE_DEBUG_INFO = NO;
				MTL_FAST_MATH = YES;
				SDKROOT = iphoneos;
				SWIFT_COMPILATION_MODE = wholemodule;
				SWIFT_OPTIMIZATION_LEVEL = "-O";
				VALIDATE_PRODUCT = YES;
			};
			name = Release;
		};
		B25BD8E62831576E0087F8A8 /* Debug */ = {
			isa = XCBuildConfiguration;
			buildSettings = {
				ASSETCATALOG_COMPILER_APPICON_NAME = AppIcon;
				ASSETCATALOG_COMPILER_GLOBAL_ACCENT_COLOR_NAME = AccentColor;
				CODE_SIGN_STYLE = Automatic;
				CURRENT_PROJECT_VERSION = 1;
				DEVELOPMENT_TEAM = APV84TNMCN;
				GENERATE_INFOPLIST_FILE = YES;
				INFOPLIST_FILE = "homework-13/Supporting Files/Info.plist";
				INFOPLIST_KEY_UIApplicationSupportsIndirectInputEvents = YES;
				INFOPLIST_KEY_UILaunchStoryboardName = LaunchScreen;
				INFOPLIST_KEY_UIMainStoryboardFile = Main;
				INFOPLIST_KEY_UISupportedInterfaceOrientations_iPad = "UIInterfaceOrientationPortrait UIInterfaceOrientationPortraitUpsideDown UIInterfaceOrientationLandscapeLeft UIInterfaceOrientationLandscapeRight";
				INFOPLIST_KEY_UISupportedInterfaceOrientations_iPhone = "UIInterfaceOrientationPortrait UIInterfaceOrientationLandscapeLeft UIInterfaceOrientationLandscapeRight";
				LD_RUNPATH_SEARCH_PATHS = (
					"$(inherited)",
					"@executable_path/Frameworks",
				);
				MARKETING_VERSION = 1.0;
				PRODUCT_BUNDLE_IDENTIFIER = "com.bauyrzhanabdi.homework-13";
				PRODUCT_NAME = "$(TARGET_NAME)";
				SWIFT_EMIT_LOC_STRINGS = YES;
				SWIFT_VERSION = 5.0;
				TARGETED_DEVICE_FAMILY = "1,2";
			};
			name = Debug;
		};
		B25BD8E72831576E0087F8A8 /* Release */ = {
			isa = XCBuildConfiguration;
			buildSettings = {
				ASSETCATALOG_COMPILER_APPICON_NAME = AppIcon;
				ASSETCATALOG_COMPILER_GLOBAL_ACCENT_COLOR_NAME = AccentColor;
				CODE_SIGN_STYLE = Automatic;
				CURRENT_PROJECT_VERSION = 1;
				DEVELOPMENT_TEAM = APV84TNMCN;
				GENERATE_INFOPLIST_FILE = YES;
				INFOPLIST_FILE = "homework-13/Supporting Files/Info.plist";
				INFOPLIST_KEY_UIApplicationSupportsIndirectInputEvents = YES;
				INFOPLIST_KEY_UILaunchStoryboardName = LaunchScreen;
				INFOPLIST_KEY_UIMainStoryboardFile = Main;
				INFOPLIST_KEY_UISupportedInterfaceOrientations_iPad = "UIInterfaceOrientationPortrait UIInterfaceOrientationPortraitUpsideDown UIInterfaceOrientationLandscapeLeft UIInterfaceOrientationLandscapeRight";
				INFOPLIST_KEY_UISupportedInterfaceOrientations_iPhone = "UIInterfaceOrientationPortrait UIInterfaceOrientationLandscapeLeft UIInterfaceOrientationLandscapeRight";
				LD_RUNPATH_SEARCH_PATHS = (
					"$(inherited)",
					"@executable_path/Frameworks",
				);
				MARKETING_VERSION = 1.0;
				PRODUCT_BUNDLE_IDENTIFIER = "com.bauyrzhanabdi.homework-13";
				PRODUCT_NAME = "$(TARGET_NAME)";
				SWIFT_EMIT_LOC_STRINGS = YES;
				SWIFT_VERSION = 5.0;
				TARGETED_DEVICE_FAMILY = "1,2";
			};
			name = Release;
		};
/* End XCBuildConfiguration section */

/* Begin XCConfigurationList section */
		B25BD8CC2831576C0087F8A8 /* Build configuration list for PBXProject "homework-13" */ = {
			isa = XCConfigurationList;
			buildConfigurations = (
				B25BD8E32831576E0087F8A8 /* Debug */,
				B25BD8E42831576E0087F8A8 /* Release */,
			);
			defaultConfigurationIsVisible = 0;
			defaultConfigurationName = Release;
		};
		B25BD8E52831576E0087F8A8 /* Build configuration list for PBXNativeTarget "homework-13" */ = {
			isa = XCConfigurationList;
			buildConfigurations = (
				B25BD8E62831576E0087F8A8 /* Debug */,
				B25BD8E72831576E0087F8A8 /* Release */,
			);
			defaultConfigurationIsVisible = 0;
			defaultConfigurationName = Release;
		};
/* End XCConfigurationList section */
	};
	rootObject = B25BD8C92831576C0087F8A8 /* Project object */;
}
